
Microsoft Visual Studio Solution File, Format Version 12.00
# Visual Studio Version 17
VisualStudioVersion = 17.6.33801.468
MinimumVisualStudioVersion = 10.0.40219.1
Project("{FAE04EC0-301F-11D3-BF4B-00C04F79EFBC}") = "KayitUygulamasiv2", "KayitUygulamasiv2\KayitUygulamasiv2.csproj", "{1FCE8F00-F256-4776-8282-C2128E819526}"
EndProject
Global
	GlobalSection(SolutionConfigurationPlatforms) = preSolution
		Debug|Any CPU = Debug|Any CPU
		Release|Any CPU = Release|Any CPU
	EndGlobalSection
	GlobalSection(ProjectConfigurationPlatforms) = postSolution
		{1FCE8F00-F256-4776-8282-C2128E819526}.Debug|Any CPU.ActiveCfg = Debug|Any CPU
		{1FCE8F00-F256-4776-8282-C2128E819526}.Debug|Any CPU.Build.0 = Debug|Any CPU
		{1FCE8F00-F256-4776-8282-C2128E819526}.Release|Any CPU.ActiveCfg = Release|Any CPU
		{1FCE8F00-F256-4776-8282-C2128E819526}.Release|Any CPU.Build.0 = Release|Any CPU
	EndGlobalSection
	GlobalSection(SolutionProperties) = preSolution
		HideSolutionNode = FALSE
	EndGlobalSection
	GlobalSection(ExtensibilityGlobals) = postSolution
		SolutionGuid = {24CE5EC3-2170-44DE-B435-133BBE7F32BC}
	EndGlobalSection
EndGlobal
